<Solution>
  <Configurations>
    <Platform Name="Any CPU" />
    <Platform Name="x64" />
    <Platform Name="x86" />
  </Configurations>
  <Folder Name="/Solution Items/">
    <File Path="build.fsx" />
    <File Path="CHANGELOG.md" />
    <File Path="Directory.Build.props" />
    <File Path="Directory.Packages.props" />
  </Folder>
  <Folder Name="/Solution Items/docs/" />
  <Folder Name="/Solution Items/docs/rules/">
    <File Path="docs/content/how-tos/rules/FL0001.md" />
    <File Path="docs/content/how-tos/rules/FL0002.md" />
    <File Path="docs/content/how-tos/rules/FL0003.md" />
    <File Path="docs/content/how-tos/rules/FL0004.md" />
    <File Path="docs/content/how-tos/rules/FL0005.md" />
    <File Path="docs/content/how-tos/rules/FL0006.md" />
    <File Path="docs/content/how-tos/rules/FL0007.md" />
    <File Path="docs/content/how-tos/rules/FL0008.md" />
    <File Path="docs/content/how-tos/rules/FL0009.md" />
    <File Path="docs/content/how-tos/rules/FL0010.md" />
    <File Path="docs/content/how-tos/rules/FL0011.md" />
    <File Path="docs/content/how-tos/rules/FL0012.md" />
    <File Path="docs/content/how-tos/rules/FL0013.md" />
    <File Path="docs/content/how-tos/rules/FL0014.md" />
    <File Path="docs/content/how-tos/rules/FL0015.md" />
    <File Path="docs/content/how-tos/rules/FL0016.md" />
    <File Path="docs/content/how-tos/rules/FL0017.md" />
    <File Path="docs/content/how-tos/rules/FL0018.md" />
    <File Path="docs/content/how-tos/rules/FL0019.md" />
    <File Path="docs/content/how-tos/rules/FL0020.md" />
    <File Path="docs/content/how-tos/rules/FL0021.md" />
    <File Path="docs/content/how-tos/rules/FL0022.md" />
    <File Path="docs/content/how-tos/rules/FL0023.md" />
    <File Path="docs/content/how-tos/rules/FL0024.md" />
    <File Path="docs/content/how-tos/rules/FL0025.md" />
    <File Path="docs/content/how-tos/rules/FL0026.md" />
    <File Path="docs/content/how-tos/rules/FL0027.md" />
    <File Path="docs/content/how-tos/rules/FL0028.md" />
    <File Path="docs/content/how-tos/rules/FL0029.md" />
    <File Path="docs/content/how-tos/rules/FL0030.md" />
    <File Path="docs/content/how-tos/rules/FL0031.md" />
    <File Path="docs/content/how-tos/rules/FL0032.md" />
    <File Path="docs/content/how-tos/rules/FL0033.md" />
    <File Path="docs/content/how-tos/rules/FL0034.md" />
    <File Path="docs/content/how-tos/rules/FL0035.md" />
    <File Path="docs/content/how-tos/rules/FL0036.md" />
    <File Path="docs/content/how-tos/rules/FL0037.md" />
    <File Path="docs/content/how-tos/rules/FL0038.md" />
    <File Path="docs/content/how-tos/rules/FL0039.md" />
    <File Path="docs/content/how-tos/rules/FL0040.md" />
    <File Path="docs/content/how-tos/rules/FL0041.md" />
    <File Path="docs/content/how-tos/rules/FL0042.md" />
    <File Path="docs/content/how-tos/rules/FL0043.md" />
    <File Path="docs/content/how-tos/rules/FL0044.md" />
    <File Path="docs/content/how-tos/rules/FL0045.md" />
    <File Path="docs/content/how-tos/rules/FL0046.md" />
    <File Path="docs/content/how-tos/rules/FL0047.md" />
    <File Path="docs/content/how-tos/rules/FL0048.md" />
    <File Path="docs/content/how-tos/rules/FL0049.md" />
    <File Path="docs/content/how-tos/rules/FL0050.md" />
    <File Path="docs/content/how-tos/rules/FL0051.md" />
    <File Path="docs/content/how-tos/rules/FL0052.md" />
    <File Path="docs/content/how-tos/rules/FL0053.md" />
    <File Path="docs/content/how-tos/rules/FL0054.md" />
    <File Path="docs/content/how-tos/rules/FL0055.md" />
    <File Path="docs/content/how-tos/rules/FL0056.md" />
    <File Path="docs/content/how-tos/rules/FL0057.md" />
    <File Path="docs/content/how-tos/rules/FL0058.md" />
    <File Path="docs/content/how-tos/rules/FL0059.md" />
    <File Path="docs/content/how-tos/rules/FL0060.md" />
    <File Path="docs/content/how-tos/rules/FL0061.md" />
    <File Path="docs/content/how-tos/rules/FL0062.md" />
    <File Path="docs/content/how-tos/rules/FL0063.md" />
    <File Path="docs/content/how-tos/rules/FL0064.md" />
    <File Path="docs/content/how-tos/rules/FL0065.md" />
    <File Path="docs/content/how-tos/rules/FL0066.md" />
    <File Path="docs/content/how-tos/rules/FL0067.md" />
    <File Path="docs/content/how-tos/rules/FL0068.md" />
    <File Path="docs/content/how-tos/rules/FL0069.md" />
    <File Path="docs/content/how-tos/rules/FL0070.md" />
    <File Path="docs/content/how-tos/rules/FL0071.md" />
    <File Path="docs/content/how-tos/rules/FL0072.md" />
    <File Path="docs/content/how-tos/rules/FL0073.md" />
    <File Path="docs/content/how-tos/rules/FL0074.md" />
    <File Path="docs/content/how-tos/rules/FL0075.md" />
    <File Path="docs/content/how-tos/rules/FL0076.md" />
    <File Path="docs/content/how-tos/rules/FL0077.md" />
    <File Path="docs/content/how-tos/rules/FL0078.md" />
    <File Path="docs/content/how-tos/rules/FL0079.md" />
    <File Path="docs/content/how-tos/rules/FL0080.md" />
    <File Path="docs/content/how-tos/rules/FL0081.md" />
    <File Path="docs/content/how-tos/rules/FL0082.md" />
    <File Path="docs/content/how-tos/rules/FL0083.md" />
    <File Path="docs/content/how-tos/rules/FL0084.md" />
    <File Path="docs/content/how-tos/rules/FL0085.md" />
    <File Path="docs/content/how-tos/rules/FL0086.md" />
    <File Path="docs/content/how-tos/rules/FL0087.md" />
    <File Path="docs/content/how-tos/rules/FL0088.md" />
    <File Path="docs/content/how-tos/rules/FL0089.md" />
    <File Path="docs/content/how-tos/rules/FL0090.md" />
    <File Path="docs/content/how-tos/rules/FL0091.md" />
    <File Path="docs/content/how-tos/rules/FL0092.md" />
  </Folder>
  <Folder Name="/src/">
    <Project Path="src/FSharpLint.Console/FSharpLint.Console.fsproj" />
    <Project Path="src/FSharpLint.Core/FSharpLint.Core.fsproj" />
  </Folder>
  <Folder Name="/tests/">
    <Project Path="tests/FSharpLint.Benchmarks/FSharpLint.Benchmarks.fsproj" />
    <Project Path="tests/FSharpLint.Console.Tests/FSharpLint.Console.Tests.fsproj" />
    <Project Path="tests/FSharpLint.Core.Tests/FSharpLint.Core.Tests.fsproj" />
    <Project Path="tests/FSharpLint.FunctionalTest/FSharpLint.FunctionalTest.fsproj" />
  </Folder>
</Solution>
