Microsoft Visual Studio Solution File, Format Version 12.00
# Visual Studio 15
VisualStudioVersion = 15.0.27130.2026
MinimumVisualStudioVersion = 15.0.26124.0
Project("{2150E333-8FDC-42A3-9474-1A3956D46DE8}") = "src", "src", "{40C2798B-7078-4D4F-BD37-195240CB827B}"
EndProject
Project("{2150E333-8FDC-42A3-9474-1A3956D46DE8}") = "tests", "tests", "{1CD44876-BCDC-4C93-9DC2-C45244BD62AE}"
EndProject
Project("{6EC3EE1D-3C4E-46DD-8F32-0CC8E7565705}") = "FSharpLint.Console", "src\FSharpLint.Console\FSharpLint.Console.fsproj", "{401D4B7E-0CC6-425D-9D84-DF005F6183C8}"
EndProject
Project("{6EC3EE1D-3C4E-46DD-8F32-0CC8E7565705}") = "FSharpLint.Core", "src\FSharpLint.Core\FSharpLint.Core.fsproj", "{A66E9BC7-003B-49FC-954F-C6FE9EA40252}"
EndProject
Project("{6EC3EE1D-3C4E-46DD-8F32-0CC8E7565705}") = "FSharpLint.Core.Tests", "tests\FSharpLint.Core.Tests\FSharpLint.Core.Tests.fsproj", "{B80F29A9-5CC0-4DC7-8001-191476DA159E}"
EndProject
Project("{6EC3EE1D-3C4E-46DD-8F32-0CC8E7565705}") = "FSharpLint.FunctionalTest", "tests\FSharpLint.FunctionalTest\FSharpLint.FunctionalTest.fsproj", "{EA924E0A-A526-48C5-935F-DBDEFF096C54}"
EndProject
Global
	GlobalSection(SolutionConfigurationPlatforms) = preSolution
		Debug|Any CPU = Debug|Any CPU
		Debug|x64 = Debug|x64
		Debug|x86 = Debug|x86
		Release|Any CPU = Release|Any CPU
		Release|x64 = Release|x64
		Release|x86 = Release|x86
	EndGlobalSection
	GlobalSection(ProjectConfigurationPlatforms) = postSolution
		{401D4B7E-0CC6-425D-9D84-DF005F6183C8}.Debug|Any CPU.ActiveCfg = Debug|Any CPU
		{401D4B7E-0CC6-425D-9D84-DF005F6183C8}.Debug|Any CPU.Build.0 = Debug|Any CPU
		{401D4B7E-0CC6-425D-9D84-DF005F6183C8}.Debug|x64.ActiveCfg = Debug|Any CPU
		{401D4B7E-0CC6-425D-9D84-DF005F6183C8}.Debug|x64.Build.0 = Debug|Any CPU
		{401D4B7E-0CC6-425D-9D84-DF005F6183C8}.Debug|x86.ActiveCfg = Debug|Any CPU
		{401D4B7E-0CC6-425D-9D84-DF005F6183C8}.Debug|x86.Build.0 = Debug|Any CPU
		{401D4B7E-0CC6-425D-9D84-DF005F6183C8}.Release|Any CPU.ActiveCfg = Release|Any CPU
		{401D4B7E-0CC6-425D-9D84-DF005F6183C8}.Release|Any CPU.Build.0 = Release|Any CPU
		{401D4B7E-0CC6-425D-9D84-DF005F6183C8}.Release|x64.ActiveCfg = Release|Any CPU
		{401D4B7E-0CC6-425D-9D84-DF005F6183C8}.Release|x64.Build.0 = Release|Any CPU
		{401D4B7E-0CC6-425D-9D84-DF005F6183C8}.Release|x86.ActiveCfg = Release|Any CPU
		{401D4B7E-0CC6-425D-9D84-DF005F6183C8}.Release|x86.Build.0 = Release|Any CPU
		{A66E9BC7-003B-49FC-954F-C6FE9EA40252}.Debug|Any CPU.ActiveCfg = Debug|Any CPU
		{A66E9BC7-003B-49FC-954F-C6FE9EA40252}.Debug|Any CPU.Build.0 = Debug|Any CPU
		{A66E9BC7-003B-49FC-954F-C6FE9EA40252}.Debug|x64.ActiveCfg = Debug|Any CPU
		{A66E9BC7-003B-49FC-954F-C6FE9EA40252}.Debug|x64.Build.0 = Debug|Any CPU
		{A66E9BC7-003B-49FC-954F-C6FE9EA40252}.Debug|x86.ActiveCfg = Debug|Any CPU
		{A66E9BC7-003B-49FC-954F-C6FE9EA40252}.Debug|x86.Build.0 = Debug|Any CPU
		{A66E9BC7-003B-49FC-954F-C6FE9EA40252}.Release|Any CPU.ActiveCfg = Release|Any CPU
		{A66E9BC7-003B-49FC-954F-C6FE9EA40252}.Release|Any CPU.Build.0 = Release|Any CPU
		{A66E9BC7-003B-49FC-954F-C6FE9EA40252}.Release|x64.ActiveCfg = Release|Any CPU
		{A66E9BC7-003B-49FC-954F-C6FE9EA40252}.Release|x64.Build.0 = Release|Any CPU
		{A66E9BC7-003B-49FC-954F-C6FE9EA40252}.Release|x86.ActiveCfg = Release|Any CPU
		{A66E9BC7-003B-49FC-954F-C6FE9EA40252}.Release|x86.Build.0 = Release|Any CPU
		{B80F29A9-5CC0-4DC7-8001-191476DA159E}.Debug|Any CPU.ActiveCfg = Debug|Any CPU
		{B80F29A9-5CC0-4DC7-8001-191476DA159E}.Debug|Any CPU.Build.0 = Debug|Any CPU
		{B80F29A9-5CC0-4DC7-8001-191476DA159E}.Debug|x64.ActiveCfg = Debug|Any CPU
		{B80F29A9-5CC0-4DC7-8001-191476DA159E}.Debug|x64.Build.0 = Debug|Any CPU
		{B80F29A9-5CC0-4DC7-8001-191476DA159E}.Debug|x86.ActiveCfg = Debug|Any CPU
		{B80F29A9-5CC0-4DC7-8001-191476DA159E}.Debug|x86.Build.0 = Debug|Any CPU
		{B80F29A9-5CC0-4DC7-8001-191476DA159E}.Release|Any CPU.ActiveCfg = Release|Any CPU
		{B80F29A9-5CC0-4DC7-8001-191476DA159E}.Release|Any CPU.Build.0 = Release|Any CPU
		{B80F29A9-5CC0-4DC7-8001-191476DA159E}.Release|x64.ActiveCfg = Release|Any CPU
		{B80F29A9-5CC0-4DC7-8001-191476DA159E}.Release|x64.Build.0 = Release|Any CPU
		{B80F29A9-5CC0-4DC7-8001-191476DA159E}.Release|x86.ActiveCfg = Release|Any CPU
		{B80F29A9-5CC0-4DC7-8001-191476DA159E}.Release|x86.Build.0 = Release|Any CPU
		{EA924E0A-A526-48C5-935F-DBDEFF096C54}.Debug|Any CPU.ActiveCfg = Debug|Any CPU
		{EA924E0A-A526-48C5-935F-DBDEFF096C54}.Debug|Any CPU.Build.0 = Debug|Any CPU
		{EA924E0A-A526-48C5-935F-DBDEFF096C54}.Debug|x64.ActiveCfg = Debug|Any CPU
		{EA924E0A-A526-48C5-935F-DBDEFF096C54}.Debug|x64.Build.0 = Debug|Any CPU
		{EA924E0A-A526-48C5-935F-DBDEFF096C54}.Debug|x86.ActiveCfg = Debug|Any CPU
		{EA924E0A-A526-48C5-935F-DBDEFF096C54}.Debug|x86.Build.0 = Debug|Any CPU
		{EA924E0A-A526-48C5-935F-DBDEFF096C54}.Release|Any CPU.ActiveCfg = Release|Any CPU
		{EA924E0A-A526-48C5-935F-DBDEFF096C54}.Release|Any CPU.Build.0 = Release|Any CPU
		{EA924E0A-A526-48C5-935F-DBDEFF096C54}.Release|x64.ActiveCfg = Release|Any CPU
		{EA924E0A-A526-48C5-935F-DBDEFF096C54}.Release|x64.Build.0 = Release|Any CPU
		{EA924E0A-A526-48C5-935F-DBDEFF096C54}.Release|x86.ActiveCfg = Release|Any CPU
		{EA924E0A-A526-48C5-935F-DBDEFF096C54}.Release|x86.Build.0 = Release|Any CPU
	EndGlobalSection
	GlobalSection(SolutionProperties) = preSolution
		HideSolutionNode = FALSE
	EndGlobalSection
	GlobalSection(NestedProjects) = preSolution
		{401D4B7E-0CC6-425D-9D84-DF005F6183C8} = {40C2798B-7078-4D4F-BD37-195240CB827B}
		{A66E9BC7-003B-49FC-954F-C6FE9EA40252} = {40C2798B-7078-4D4F-BD37-195240CB827B}
		{B80F29A9-5CC0-4DC7-8001-191476DA159E} = {1CD44876-BCDC-4C93-9DC2-C45244BD62AE}
		{EA924E0A-A526-48C5-935F-DBDEFF096C54} = {1CD44876-BCDC-4C93-9DC2-C45244BD62AE}
	EndGlobalSection
	GlobalSection(ExtensibilityGlobals) = postSolution
		SolutionGuid = {B54B4B7D-F019-48A3-BB5B-635B68FE41C3}
	EndGlobalSection
EndGlobal
