
Microsoft Visual Studio Solution File, Format Version 12.00
# Visual Studio Version 16
VisualStudioVersion = 16.0.30002.166
MinimumVisualStudioVersion = 15.0.26124.0
Project("{2150E333-8FDC-42A3-9474-1A3956D46DE8}") = "src", "src", "{40C2798B-7078-4D4F-BD37-195240CB827B}"
EndProject
Project("{2150E333-8FDC-42A3-9474-1A3956D46DE8}") = "tests", "tests", "{1CD44876-BCDC-4C93-9DC2-C45244BD62AE}"
EndProject
Project("{6EC3EE1D-3C4E-46DD-8F32-0CC8E7565705}") = "FSharpLint.Console", "src\FSharpLint.Console\FSharpLint.Console.fsproj", "{AC24094C-4AB5-4A6B-8430-3D21EF788AEC}"
EndProject
Project("{6EC3EE1D-3C4E-46DD-8F32-0CC8E7565705}") = "FSharpLint.Core", "src\FSharpLint.Core\FSharpLint.Core.fsproj", "{7691E4E4-EC5B-4751-9578-109258A3B1DA}"
EndProject
Project("{6EC3EE1D-3C4E-46DD-8F32-0CC8E7565705}") = "FSharpLint.Core.Tests", "tests\FSharpLint.Core.Tests\FSharpLint.Core.Tests.fsproj", "{E51042D9-CE14-4373-AE1E-FEB78FE23F40}"
EndProject
Project("{6EC3EE1D-3C4E-46DD-8F32-0CC8E7565705}") = "FSharpLint.FunctionalTest", "tests\FSharpLint.FunctionalTest\FSharpLint.FunctionalTest.fsproj", "{0DE70980-49E9-4613-84D4-FCF6ACABA5EE}"
EndProject
Project("{6EC3EE1D-3C4E-46DD-8F32-0CC8E7565705}") = "FSharpLint.Console.Tests", "tests\FSharpLint.Console.Tests\FSharpLint.Console.Tests.fsproj", "{73AD322D-2E3F-45C4-8DB2-179571DECCD0}"
EndProject
Project("{F2A71F9B-5D33-465A-A702-920D77279786}") = "FSharpLint.Benchmarks", "tests\FSharpLint.Benchmarks\FSharpLint.Benchmarks.fsproj", "{B4A92AC6-F74A-4709-B2F7-6C5BABBFDEB0}"
EndProject
Global
	GlobalSection(SolutionConfigurationPlatforms) = preSolution
		Debug|Any CPU = Debug|Any CPU
		Debug|x64 = Debug|x64
		Debug|x86 = Debug|x86
		Release|Any CPU = Release|Any CPU
		Release|x64 = Release|x64
		Release|x86 = Release|x86
	EndGlobalSection
	GlobalSection(ProjectConfigurationPlatforms) = postSolution
		{AC24094C-4AB5-4A6B-8430-3D21EF788AEC}.Debug|Any CPU.ActiveCfg = Debug|Any CPU
		{AC24094C-4AB5-4A6B-8430-3D21EF788AEC}.Debug|Any CPU.Build.0 = Debug|Any CPU
		{AC24094C-4AB5-4A6B-8430-3D21EF788AEC}.Debug|x64.ActiveCfg = Debug|Any CPU
		{AC24094C-4AB5-4A6B-8430-3D21EF788AEC}.Debug|x64.Build.0 = Debug|Any CPU
		{AC24094C-4AB5-4A6B-8430-3D21EF788AEC}.Debug|x86.ActiveCfg = Debug|Any CPU
		{AC24094C-4AB5-4A6B-8430-3D21EF788AEC}.Debug|x86.Build.0 = Debug|Any CPU
		{AC24094C-4AB5-4A6B-8430-3D21EF788AEC}.Release|Any CPU.ActiveCfg = Release|Any CPU
		{AC24094C-4AB5-4A6B-8430-3D21EF788AEC}.Release|Any CPU.Build.0 = Release|Any CPU
		{AC24094C-4AB5-4A6B-8430-3D21EF788AEC}.Release|x64.ActiveCfg = Release|Any CPU
		{AC24094C-4AB5-4A6B-8430-3D21EF788AEC}.Release|x64.Build.0 = Release|Any CPU
		{AC24094C-4AB5-4A6B-8430-3D21EF788AEC}.Release|x86.ActiveCfg = Release|Any CPU
		{AC24094C-4AB5-4A6B-8430-3D21EF788AEC}.Release|x86.Build.0 = Release|Any CPU
		{7691E4E4-EC5B-4751-9578-109258A3B1DA}.Debug|Any CPU.ActiveCfg = Debug|Any CPU
		{7691E4E4-EC5B-4751-9578-109258A3B1DA}.Debug|Any CPU.Build.0 = Debug|Any CPU
		{7691E4E4-EC5B-4751-9578-109258A3B1DA}.Debug|x64.ActiveCfg = Debug|Any CPU
		{7691E4E4-EC5B-4751-9578-109258A3B1DA}.Debug|x64.Build.0 = Debug|Any CPU
		{7691E4E4-EC5B-4751-9578-109258A3B1DA}.Debug|x86.ActiveCfg = Debug|Any CPU
		{7691E4E4-EC5B-4751-9578-109258A3B1DA}.Debug|x86.Build.0 = Debug|Any CPU
		{7691E4E4-EC5B-4751-9578-109258A3B1DA}.Release|Any CPU.ActiveCfg = Release|Any CPU
		{7691E4E4-EC5B-4751-9578-109258A3B1DA}.Release|Any CPU.Build.0 = Release|Any CPU
		{7691E4E4-EC5B-4751-9578-109258A3B1DA}.Release|x64.ActiveCfg = Release|Any CPU
		{7691E4E4-EC5B-4751-9578-109258A3B1DA}.Release|x64.Build.0 = Release|Any CPU
		{7691E4E4-EC5B-4751-9578-109258A3B1DA}.Release|x86.ActiveCfg = Release|Any CPU
		{7691E4E4-EC5B-4751-9578-109258A3B1DA}.Release|x86.Build.0 = Release|Any CPU
		{E51042D9-CE14-4373-AE1E-FEB78FE23F40}.Debug|Any CPU.ActiveCfg = Debug|Any CPU
		{E51042D9-CE14-4373-AE1E-FEB78FE23F40}.Debug|Any CPU.Build.0 = Debug|Any CPU
		{E51042D9-CE14-4373-AE1E-FEB78FE23F40}.Debug|x64.ActiveCfg = Debug|Any CPU
		{E51042D9-CE14-4373-AE1E-FEB78FE23F40}.Debug|x64.Build.0 = Debug|Any CPU
		{E51042D9-CE14-4373-AE1E-FEB78FE23F40}.Debug|x86.ActiveCfg = Debug|Any CPU
		{E51042D9-CE14-4373-AE1E-FEB78FE23F40}.Debug|x86.Build.0 = Debug|Any CPU
		{E51042D9-CE14-4373-AE1E-FEB78FE23F40}.Release|Any CPU.ActiveCfg = Release|Any CPU
		{E51042D9-CE14-4373-AE1E-FEB78FE23F40}.Release|Any CPU.Build.0 = Release|Any CPU
		{E51042D9-CE14-4373-AE1E-FEB78FE23F40}.Release|x64.ActiveCfg = Release|Any CPU
		{E51042D9-CE14-4373-AE1E-FEB78FE23F40}.Release|x64.Build.0 = Release|Any CPU
		{E51042D9-CE14-4373-AE1E-FEB78FE23F40}.Release|x86.ActiveCfg = Release|Any CPU
		{E51042D9-CE14-4373-AE1E-FEB78FE23F40}.Release|x86.Build.0 = Release|Any CPU
		{0DE70980-49E9-4613-84D4-FCF6ACABA5EE}.Debug|Any CPU.ActiveCfg = Debug|Any CPU
		{0DE70980-49E9-4613-84D4-FCF6ACABA5EE}.Debug|Any CPU.Build.0 = Debug|Any CPU
		{0DE70980-49E9-4613-84D4-FCF6ACABA5EE}.Debug|x64.ActiveCfg = Debug|Any CPU
		{0DE70980-49E9-4613-84D4-FCF6ACABA5EE}.Debug|x64.Build.0 = Debug|Any CPU
		{0DE70980-49E9-4613-84D4-FCF6ACABA5EE}.Debug|x86.ActiveCfg = Debug|Any CPU
		{0DE70980-49E9-4613-84D4-FCF6ACABA5EE}.Debug|x86.Build.0 = Debug|Any CPU
		{0DE70980-49E9-4613-84D4-FCF6ACABA5EE}.Release|Any CPU.ActiveCfg = Release|Any CPU
		{0DE70980-49E9-4613-84D4-FCF6ACABA5EE}.Release|Any CPU.Build.0 = Release|Any CPU
		{0DE70980-49E9-4613-84D4-FCF6ACABA5EE}.Release|x64.ActiveCfg = Release|Any CPU
		{0DE70980-49E9-4613-84D4-FCF6ACABA5EE}.Release|x64.Build.0 = Release|Any CPU
		{0DE70980-49E9-4613-84D4-FCF6ACABA5EE}.Release|x86.ActiveCfg = Release|Any CPU
		{0DE70980-49E9-4613-84D4-FCF6ACABA5EE}.Release|x86.Build.0 = Release|Any CPU
		{73AD322D-2E3F-45C4-8DB2-179571DECCD0}.Debug|Any CPU.ActiveCfg = Debug|Any CPU
		{73AD322D-2E3F-45C4-8DB2-179571DECCD0}.Debug|Any CPU.Build.0 = Debug|Any CPU
		{73AD322D-2E3F-45C4-8DB2-179571DECCD0}.Debug|x64.ActiveCfg = Debug|Any CPU
		{73AD322D-2E3F-45C4-8DB2-179571DECCD0}.Debug|x64.Build.0 = Debug|Any CPU
		{73AD322D-2E3F-45C4-8DB2-179571DECCD0}.Debug|x86.ActiveCfg = Debug|Any CPU
		{73AD322D-2E3F-45C4-8DB2-179571DECCD0}.Debug|x86.Build.0 = Debug|Any CPU
		{73AD322D-2E3F-45C4-8DB2-179571DECCD0}.Release|Any CPU.ActiveCfg = Release|Any CPU
		{73AD322D-2E3F-45C4-8DB2-179571DECCD0}.Release|Any CPU.Build.0 = Release|Any CPU
		{73AD322D-2E3F-45C4-8DB2-179571DECCD0}.Release|x64.ActiveCfg = Release|Any CPU
		{73AD322D-2E3F-45C4-8DB2-179571DECCD0}.Release|x64.Build.0 = Release|Any CPU
		{73AD322D-2E3F-45C4-8DB2-179571DECCD0}.Release|x86.ActiveCfg = Release|Any CPU
		{73AD322D-2E3F-45C4-8DB2-179571DECCD0}.Release|x86.Build.0 = Release|Any CPU
		{B4A92AC6-F74A-4709-B2F7-6C5BABBFDEB0}.Debug|Any CPU.ActiveCfg = Debug|Any CPU
		{B4A92AC6-F74A-4709-B2F7-6C5BABBFDEB0}.Debug|Any CPU.Build.0 = Debug|Any CPU
		{B4A92AC6-F74A-4709-B2F7-6C5BABBFDEB0}.Debug|x64.ActiveCfg = Debug|Any CPU
		{B4A92AC6-F74A-4709-B2F7-6C5BABBFDEB0}.Debug|x64.Build.0 = Debug|Any CPU
		{B4A92AC6-F74A-4709-B2F7-6C5BABBFDEB0}.Debug|x86.ActiveCfg = Debug|Any CPU
		{B4A92AC6-F74A-4709-B2F7-6C5BABBFDEB0}.Debug|x86.Build.0 = Debug|Any CPU
		{B4A92AC6-F74A-4709-B2F7-6C5BABBFDEB0}.Release|Any CPU.ActiveCfg = Release|Any CPU
		{B4A92AC6-F74A-4709-B2F7-6C5BABBFDEB0}.Release|Any CPU.Build.0 = Release|Any CPU
		{B4A92AC6-F74A-4709-B2F7-6C5BABBFDEB0}.Release|x64.ActiveCfg = Release|Any CPU
		{B4A92AC6-F74A-4709-B2F7-6C5BABBFDEB0}.Release|x64.Build.0 = Release|Any CPU
		{B4A92AC6-F74A-4709-B2F7-6C5BABBFDEB0}.Release|x86.ActiveCfg = Release|Any CPU
		{B4A92AC6-F74A-4709-B2F7-6C5BABBFDEB0}.Release|x86.Build.0 = Release|Any CPU
	EndGlobalSection
	GlobalSection(SolutionProperties) = preSolution
		HideSolutionNode = FALSE
	EndGlobalSection
	GlobalSection(NestedProjects) = preSolution
		{AC24094C-4AB5-4A6B-8430-3D21EF788AEC} = {40C2798B-7078-4D4F-BD37-195240CB827B}
		{7691E4E4-EC5B-4751-9578-109258A3B1DA} = {40C2798B-7078-4D4F-BD37-195240CB827B}
		{E51042D9-CE14-4373-AE1E-FEB78FE23F40} = {1CD44876-BCDC-4C93-9DC2-C45244BD62AE}
		{0DE70980-49E9-4613-84D4-FCF6ACABA5EE} = {1CD44876-BCDC-4C93-9DC2-C45244BD62AE}
		{73AD322D-2E3F-45C4-8DB2-179571DECCD0} = {1CD44876-BCDC-4C93-9DC2-C45244BD62AE}
		{B4A92AC6-F74A-4709-B2F7-6C5BABBFDEB0} = {1CD44876-BCDC-4C93-9DC2-C45244BD62AE}
	EndGlobalSection
	GlobalSection(ExtensibilityGlobals) = postSolution
		SolutionGuid = {B54B4B7D-F019-48A3-BB5B-635B68FE41C3}
	EndGlobalSection
EndGlobal
